
Microsoft Visual Studio Solution File, Format Version 12.00
# Visual Studio Version 17
VisualStudioVersion = 17.2.32616.157
MinimumVisualStudioVersion = 10.0.40219.1
Project("{9A19103F-16F7-4668-BE54-9A1E7A4F7556}") = "Translate_Google", "Translate _Google\Translate_Google.csproj", "{AD18EE57-9209-44FC-A3CC-04710DBEDBE2}"
EndProject
Global
	GlobalSection(SolutionConfigurationPlatforms) = preSolution
		Debug|Any CPU = Debug|Any CPU
		Release|Any CPU = Release|Any CPU
	EndGlobalSection
	GlobalSection(ProjectConfigurationPlatforms) = postSolution
		{AD18EE57-9209-44FC-A3CC-04710DBEDBE2}.Debug|Any CPU.ActiveCfg = Debug|Any CPU
		{AD18EE57-9209-44FC-A3CC-04710DBEDBE2}.Debug|Any CPU.Build.0 = Debug|Any CPU
		{AD18EE57-9209-44FC-A3CC-04710DBEDBE2}.Release|Any CPU.ActiveCfg = Release|Any CPU
		{AD18EE57-9209-44FC-A3CC-04710DBEDBE2}.Release|Any CPU.Build.0 = Release|Any CPU
	EndGlobalSection
	GlobalSection(SolutionProperties) = preSolution
		HideSolutionNode = FALSE
	EndGlobalSection
	GlobalSection(ExtensibilityGlobals) = postSolution
		SolutionGuid = {76567CA0-5C28-4883-8236-E8647FB47A8E}
	EndGlobalSection
EndGlobal
