
Microsoft Visual Studio Solution File, Format Version 12.00
# Visual Studio Version 16
VisualStudioVersion = 16.0.32602.291
MinimumVisualStudioVersion = 10.0.40219.1
Project("{FAE04EC0-301F-11D3-BF4B-00C04F79EFBC}") = "flightbooking", "flightbooking\flightbooking.csproj", "{DD74FF2D-F497-4113-B47F-4D23ACBB8B1D}"
EndProject
Global
	GlobalSection(SolutionConfigurationPlatforms) = preSolution
		Debug|Any CPU = Debug|Any CPU
		Release|Any CPU = Release|Any CPU
	EndGlobalSection
	GlobalSection(ProjectConfigurationPlatforms) = postSolution
		{DD74FF2D-F497-4113-B47F-4D23ACBB8B1D}.Debug|Any CPU.ActiveCfg = Debug|Any CPU
		{DD74FF2D-F497-4113-B47F-4D23ACBB8B1D}.Debug|Any CPU.Build.0 = Debug|Any CPU
		{DD74FF2D-F497-4113-B47F-4D23ACBB8B1D}.Release|Any CPU.ActiveCfg = Release|Any CPU
		{DD74FF2D-F497-4113-B47F-4D23ACBB8B1D}.Release|Any CPU.Build.0 = Release|Any CPU
	EndGlobalSection
	GlobalSection(SolutionProperties) = preSolution
		HideSolutionNode = FALSE
	EndGlobalSection
	GlobalSection(ExtensibilityGlobals) = postSolution
		SolutionGuid = {EF5BA1BB-EFCF-4406-B19E-24B7E5362470}
	EndGlobalSection
EndGlobal
