
Microsoft Visual Studio Solution File, Format Version 12.00
# Visual Studio Version 16
VisualStudioVersion = 16.0.32510.428
MinimumVisualStudioVersion = 10.0.40219.1
Project("{FAE04EC0-301F-11D3-BF4B-00C04F79EFBC}") = "ADO_NET_WORKER", "ADO_NET_WORKER\ADO_NET_WORKER.csproj", "{EC15C84C-5E48-4D05-8DE0-405114C7D408}"
EndProject
Global
	GlobalSection(SolutionConfigurationPlatforms) = preSolution
		Debug|Any CPU = Debug|Any CPU
		Release|Any CPU = Release|Any CPU
	EndGlobalSection
	GlobalSection(ProjectConfigurationPlatforms) = postSolution
		{EC15C84C-5E48-4D05-8DE0-405114C7D408}.Debug|Any CPU.ActiveCfg = Debug|Any CPU
		{EC15C84C-5E48-4D05-8DE0-405114C7D408}.Debug|Any CPU.Build.0 = Debug|Any CPU
		{EC15C84C-5E48-4D05-8DE0-405114C7D408}.Release|Any CPU.ActiveCfg = Release|Any CPU
		{EC15C84C-5E48-4D05-8DE0-405114C7D408}.Release|Any CPU.Build.0 = Release|Any CPU
	EndGlobalSection
	GlobalSection(SolutionProperties) = preSolution
		HideSolutionNode = FALSE
	EndGlobalSection
	GlobalSection(ExtensibilityGlobals) = postSolution
		SolutionGuid = {E0173986-F3E1-4A02-8B96-C8FFD5970A29}
	EndGlobalSection
EndGlobal
