
Microsoft Visual Studio Solution File, Format Version 12.00
# Visual Studio Version 16
VisualStudioVersion = 16.0.32510.428
MinimumVisualStudioVersion = 10.0.40219.1
Project("{FAE04EC0-301F-11D3-BF4B-00C04F79EFBC}") = "WorkerADO.NET", "WorkerADO.NET\WorkerADO.NET.csproj", "{7E3ABAE4-7543-464B-9EA1-02C2DAE73868}"
EndProject
Global
	GlobalSection(SolutionConfigurationPlatforms) = preSolution
		Debug|Any CPU = Debug|Any CPU
		Release|Any CPU = Release|Any CPU
	EndGlobalSection
	GlobalSection(ProjectConfigurationPlatforms) = postSolution
		{7E3ABAE4-7543-464B-9EA1-02C2DAE73868}.Debug|Any CPU.ActiveCfg = Debug|Any CPU
		{7E3ABAE4-7543-464B-9EA1-02C2DAE73868}.Debug|Any CPU.Build.0 = Debug|Any CPU
		{7E3ABAE4-7543-464B-9EA1-02C2DAE73868}.Release|Any CPU.ActiveCfg = Release|Any CPU
		{7E3ABAE4-7543-464B-9EA1-02C2DAE73868}.Release|Any CPU.Build.0 = Release|Any CPU
	EndGlobalSection
	GlobalSection(SolutionProperties) = preSolution
		HideSolutionNode = FALSE
	EndGlobalSection
	GlobalSection(ExtensibilityGlobals) = postSolution
		SolutionGuid = {7CF11A2D-A10A-489D-9492-C69471031925}
	EndGlobalSection
EndGlobal
