
Microsoft Visual Studio Solution File, Format Version 12.00
# Visual Studio Version 16
VisualStudioVersion = 16.0.32510.428
MinimumVisualStudioVersion = 10.0.40219.1
Project("{FAE04EC0-301F-11D3-BF4B-00C04F79EFBC}") = "dotnet", "dotnet\dotnet.csproj", "{78CD79CF-C881-4DAC-B38F-75DF5003F3F4}"
EndProject
Global
	GlobalSection(SolutionConfigurationPlatforms) = preSolution
		Debug|Any CPU = Debug|Any CPU
		Release|Any CPU = Release|Any CPU
	EndGlobalSection
	GlobalSection(ProjectConfigurationPlatforms) = postSolution
		{78CD79CF-C881-4DAC-B38F-75DF5003F3F4}.Debug|Any CPU.ActiveCfg = Debug|Any CPU
		{78CD79CF-C881-4DAC-B38F-75DF5003F3F4}.Debug|Any CPU.Build.0 = Debug|Any CPU
		{78CD79CF-C881-4DAC-B38F-75DF5003F3F4}.Release|Any CPU.ActiveCfg = Release|Any CPU
		{78CD79CF-C881-4DAC-B38F-75DF5003F3F4}.Release|Any CPU.Build.0 = Release|Any CPU
	EndGlobalSection
	GlobalSection(SolutionProperties) = preSolution
		HideSolutionNode = FALSE
	EndGlobalSection
	GlobalSection(ExtensibilityGlobals) = postSolution
		SolutionGuid = {8461D038-E961-4E28-A2E0-96A4119640A1}
	EndGlobalSection
EndGlobal
