
Microsoft Visual Studio Solution File, Format Version 12.00
# Visual Studio Version 16
VisualStudioVersion = 16.0.32602.291
MinimumVisualStudioVersion = 10.0.40219.1
Project("{FAE04EC0-301F-11D3-BF4B-00C04F79EFBC}") = "book_test", "book_test\book_test.csproj", "{0150F34C-81F4-4B5F-BF01-D5649BD92B7E}"
EndProject
Global
	GlobalSection(SolutionConfigurationPlatforms) = preSolution
		Debug|Any CPU = Debug|Any CPU
		Release|Any CPU = Release|Any CPU
	EndGlobalSection
	GlobalSection(ProjectConfigurationPlatforms) = postSolution
		{0150F34C-81F4-4B5F-BF01-D5649BD92B7E}.Debug|Any CPU.ActiveCfg = Debug|Any CPU
		{0150F34C-81F4-4B5F-BF01-D5649BD92B7E}.Debug|Any CPU.Build.0 = Debug|Any CPU
		{0150F34C-81F4-4B5F-BF01-D5649BD92B7E}.Release|Any CPU.ActiveCfg = Release|Any CPU
		{0150F34C-81F4-4B5F-BF01-D5649BD92B7E}.Release|Any CPU.Build.0 = Release|Any CPU
	EndGlobalSection
	GlobalSection(SolutionProperties) = preSolution
		HideSolutionNode = FALSE
	EndGlobalSection
	GlobalSection(ExtensibilityGlobals) = postSolution
		SolutionGuid = {B8397E22-344B-4224-B662-ED45AD6A4187}
	EndGlobalSection
EndGlobal
